
Microsoft Visual Studio Solution File, Format Version 12.00
# Visual Studio 15
VisualStudioVersion = 15.0.27428.2015
MinimumVisualStudioVersion = 10.0.40219.1
Project("{FAE04EC0-301F-11D3-BF4B-00C04F79EFBC}") = "WinFormUI", "WinFormUI\WinFormUI.csproj", "{1B729171-7FE9-47DB-A0C5-C98628974F23}"
EndProject
Global
	GlobalSection(SolutionConfigurationPlatforms) = preSolution
		Debug|Any CPU = Debug|Any CPU
		Release|Any CPU = Release|Any CPU
	EndGlobalSection
	GlobalSection(ProjectConfigurationPlatforms) = postSolution
		{1B729171-7FE9-47DB-A0C5-C98628974F23}.Debug|Any CPU.ActiveCfg = Debug|Any CPU
		{1B729171-7FE9-47DB-A0C5-C98628974F23}.Debug|Any CPU.Build.0 = Debug|Any CPU
		{1B729171-7FE9-47DB-A0C5-C98628974F23}.Release|Any CPU.ActiveCfg = Release|Any CPU
		{1B729171-7FE9-47DB-A0C5-C98628974F23}.Release|Any CPU.Build.0 = Release|Any CPU
	EndGlobalSection
	GlobalSection(SolutionProperties) = preSolution
		HideSolutionNode = FALSE
	EndGlobalSection
	GlobalSection(ExtensibilityGlobals) = postSolution
		SolutionGuid = {1B6C68D2-F0D0-42C6-B962-26765610DDB6}
	EndGlobalSection
EndGlobal
